<?xml version="1.0" encoding="utf-8"?>
<Project ToolsVersion="4.0" xmlns="http://schemas.microsoft.com/developer/msbuild/2003">
  <ItemGroup>
    <Filter Include="Quelldateien">
      <UniqueIdentifier>{4FC737F1-C7A5-4376-A066-2A32D752A2FF}</UniqueIdentifier>
      <Extensions>cpp;c;cc;cxx;def;odl;idl;hpj;bat;asm;asmx</Extensions>
    </Filter>
    <Filter Include="Headerdateien">
      <UniqueIdentifier>{93995380-89BD-4b04-88EB-625FBE52EBFB}</UniqueIdentifier>
      <Extensions>h;hpp;hxx;hm;inl;inc;xsd</Extensions>
    </Filter>
    <Filter Include="Ressourcendateien">
      <UniqueIdentifier>{67DA6AB6-F800-4c08-8B7A-83BB121AAD01}</UniqueIdentifier>
      <Extensions>rc;ico;cur;bmp;dlg;rc2;rct;bin;rgs;gif;jpg;jpeg;jpe;resx;tiff;tif;png;wav;mfcribbon-ms</Extensions>
    </Filter>
    <Filter Include="Headerdateien\Oli">
      <UniqueIdentifier>{cfa2921f-2515-4e21-af6a-68d7e5d4de17}</UniqueIdentifier>
    </Filter>
    <Filter Include="Quelldateien\Oli">
      <UniqueIdentifier>{6a9ddef7-282c-4b13-beda-3c79bd399c31}</UniqueIdentifier>
    </Filter>
    <Filter Include="Headerdateien\Philipp">
      <UniqueIdentifier>{794bb457-cda4-429c-b949-abc9e9dd3c83}</UniqueIdentifier>
    </Filter>
    <Filter Include="Quelldateien\Philipp">
      <UniqueIdentifier>{8eb89ad2-d0ae-4598-aa70-d36929cef2c5}</UniqueIdentifier>
    </Filter>
  </ItemGroup>
  <ItemGroup>
    <ClInclude Include="Game.h">
      <Filter>Headerdateien</Filter>
    </ClInclude>
    <ClInclude Include="resource.h">
      <Filter>Headerdateien</Filter>
    </ClInclude>
    <ClInclude Include="targetver.h">
      <Filter>Headerdateien</Filter>
    </ClInclude>
    <ClInclude Include="CGeoPointCircle.h">
      <Filter>Headerdateien</Filter>
    </ClInclude>
    <ClInclude Include="CGeoDreamCatcher.h">
      <Filter>Headerdateien</Filter>
    </ClInclude>
    <ClInclude Include="CGeoPyramid.h">
      <Filter>Headerdateien</Filter>
    </ClInclude>
    <ClInclude Include="CGeoNPyramid.h">
      <Filter>Headerdateien</Filter>
    </ClInclude>
    <ClInclude Include="Util.h">
      <Filter>Headerdateien</Filter>
    </ClInclude>
    <ClInclude Include="CGeoBezierRing.h">
      <Filter>Headerdateien</Filter>
    </ClInclude>
    <ClInclude Include="CGeoSierpinskyTriangle.h">
      <Filter>Headerdateien</Filter>
    </ClInclude>
    <ClInclude Include="CGeoBezierRingManual.h">
      <Filter>Headerdateien</Filter>
    </ClInclude>
    <ClInclude Include="CGeoGanjaPlant.h">
      <Filter>Headerdateien</Filter>
    </ClInclude>
    <ClInclude Include="CGeoCogwheel.h">
      <Filter>Headerdateien\Oli</Filter>
    </ClInclude>
    <ClInclude Include="CGears.h">
      <Filter>Headerdateien</Filter>
    </ClInclude>
    <ClInclude Include="CGeoCogwheelv2.h">
      <Filter>Headerdateien\Oli</Filter>
    </ClInclude>
    <ClInclude Include="CTropicalIsland.h">
      <Filter>Headerdateien\Philipp</Filter>
    </ClInclude>
    <ClInclude Include="CCustomBezierBoat.h">
      <Filter>Headerdateien</Filter>
    </ClInclude>
  </ItemGroup>
  <ItemGroup>
    <ClCompile Include="Game.cpp">
      <Filter>Quelldateien</Filter>
    </ClCompile>
    <ClCompile Include="VektoriaApp.cpp">
      <Filter>Quelldateien</Filter>
    </ClCompile>
    <ClCompile Include="CGeoPointCircle.cpp">
      <Filter>Quelldateien</Filter>
    </ClCompile>
    <ClCompile Include="CGeoDreamCatcher.cpp">
      <Filter>Quelldateien</Filter>
    </ClCompile>
    <ClCompile Include="CGeoPyramid.cpp">
      <Filter>Quelldateien</Filter>
    </ClCompile>
    <ClCompile Include="CGeoNPyramid.cpp">
      <Filter>Quelldateien</Filter>
    </ClCompile>
    <ClCompile Include="Util.cpp">
      <Filter>Quelldateien</Filter>
    </ClCompile>
    <ClCompile Include="CGeoBezierRing.cpp">
      <Filter>Quelldateien</Filter>
    </ClCompile>
    <ClCompile Include="CGeoSierpinskyTriangle.cpp">
      <Filter>Quelldateien</Filter>
    </ClCompile>
    <ClCompile Include="CGeoBezierRingManual.cpp">
      <Filter>Quelldateien</Filter>
    </ClCompile>
    <ClCompile Include="CGeoGanjaPlant.cpp">
      <Filter>Quelldateien</Filter>
    </ClCompile>
    <ClCompile Include="CGeoCogwheel.cpp">
      <Filter>Quelldateien\Oli</Filter>
    </ClCompile>
    <ClCompile Include="CGeoCogwheelv2.cpp">
      <Filter>Quelldateien\Oli</Filter>
    </ClCompile>
    <ClCompile Include="CTropicalIsland.cpp">
      <Filter>Quelldateien\Philipp</Filter>
    </ClCompile>
    <ClCompile Include="CCustomBezierBoat.cpp">
      <Filter>Quelldateien</Filter>
    </ClCompile>
    <ClCompile Include="CGears.cpp">
      <Filter>Quelldateien\Oli</Filter>
    </ClCompile>
  </ItemGroup>
  <ItemGroup>
    <None Include="res\VektoriaTest.ico">
      <Filter>Ressourcendateien</Filter>
    </None>
  </ItemGroup>
  <ItemGroup>
    <ResourceCompile Include="VektoriaApp.rc">
      <Filter>Ressourcendateien</Filter>
    </ResourceCompile>
  </ItemGroup>
</Project>